
Microsoft Visual Studio Solution File, Format Version 12.00
# Visual Studio Version 16
VisualStudioVersion = 16.0.31205.134
MinimumVisualStudioVersion = 10.0.40219.1
Project("{FAE04EC0-301F-11D3-BF4B-00C04F79EFBC}") = "TugasLibrary", "TugasLibrary\TugasLibrary.csproj", "{1E3BB44E-F390-427E-9064-4070ABA0C761}"
EndProject
Project("{FAE04EC0-301F-11D3-BF4B-00C04F79EFBC}") = "TugasUnitTest", "TugasLibraryUnitTest\TugasUnitTest.csproj", "{52E18992-2387-4D63-A832-1E0448BD8830}"
EndProject
Global
	GlobalSection(SolutionConfigurationPlatforms) = preSolution
		Debug|Any CPU = Debug|Any CPU
		Release|Any CPU = Release|Any CPU
	EndGlobalSection
	GlobalSection(ProjectConfigurationPlatforms) = postSolution
		{1E3BB44E-F390-427E-9064-4070ABA0C761}.Debug|Any CPU.ActiveCfg = Debug|Any CPU
		{1E3BB44E-F390-427E-9064-4070ABA0C761}.Debug|Any CPU.Build.0 = Debug|Any CPU
		{1E3BB44E-F390-427E-9064-4070ABA0C761}.Release|Any CPU.ActiveCfg = Release|Any CPU
		{1E3BB44E-F390-427E-9064-4070ABA0C761}.Release|Any CPU.Build.0 = Release|Any CPU
		{52E18992-2387-4D63-A832-1E0448BD8830}.Debug|Any CPU.ActiveCfg = Debug|Any CPU
		{52E18992-2387-4D63-A832-1E0448BD8830}.Debug|Any CPU.Build.0 = Debug|Any CPU
		{52E18992-2387-4D63-A832-1E0448BD8830}.Release|Any CPU.ActiveCfg = Release|Any CPU
		{52E18992-2387-4D63-A832-1E0448BD8830}.Release|Any CPU.Build.0 = Release|Any CPU
	EndGlobalSection
	GlobalSection(SolutionProperties) = preSolution
		HideSolutionNode = FALSE
	EndGlobalSection
	GlobalSection(ExtensibilityGlobals) = postSolution
		SolutionGuid = {C793FC34-338D-417C-BAE7-8D6FCB300363}
	EndGlobalSection
EndGlobal
